
Microsoft Visual Studio Solution File, Format Version 12.00
# Visual Studio Version 17
VisualStudioVersion = 17.5.002.0
MinimumVisualStudioVersion = 10.0.40219.1
Project("{9A19103F-16F7-4668-BE54-9A1E7A4F7556}") = "EnergyMobiBank", "EnergyMobiBank.csproj", "{0A6C5D52-036B-4A52-A643-B5DC4385A728}"
EndProject
Global
	GlobalSection(SolutionConfigurationPlatforms) = preSolution
		Debug|Any CPU = Debug|Any CPU
		Release|Any CPU = Release|Any CPU
	EndGlobalSection
	GlobalSection(ProjectConfigurationPlatforms) = postSolution
		{0A6C5D52-036B-4A52-A643-B5DC4385A728}.Debug|Any CPU.ActiveCfg = Debug|Any CPU
		{0A6C5D52-036B-4A52-A643-B5DC4385A728}.Debug|Any CPU.Build.0 = Debug|Any CPU
		{0A6C5D52-036B-4A52-A643-B5DC4385A728}.Release|Any CPU.ActiveCfg = Release|Any CPU
		{0A6C5D52-036B-4A52-A643-B5DC4385A728}.Release|Any CPU.Build.0 = Release|Any CPU
	EndGlobalSection
	GlobalSection(SolutionProperties) = preSolution
		HideSolutionNode = FALSE
	EndGlobalSection
	GlobalSection(ExtensibilityGlobals) = postSolution
		SolutionGuid = {703CE803-5D8C-4DE3-A468-BD19185C082F}
	EndGlobalSection
EndGlobal
